// !$*UTF8*$!
{
	archiveVersion = 1;
	classes = {
	};
	objectVersion = 55;
	objects = {

/* Begin PBXBuildFile section */
		7AB72BD928D9F41300807668 /* DetailsViewController.swift in Sources */ = {isa = PBXBuildFile; fileRef = 7AB72BD828D9F41300807668 /* DetailsViewController.swift */; };
		7AB72BDB28D9F42400807668 /* DetailViewCode.swift in Sources */ = {isa = PBXBuildFile; fileRef = 7AB72BDA28D9F42400807668 /* DetailViewCode.swift */; };
		7ABA322528D37D5100D91272 /* Main.storyboard in Resources */ = {isa = PBXBuildFile; fileRef = 7ABA322428D37D5100D91272 /* Main.storyboard */; };
		7ABDF4C728D4A0DB0084A590 /* KeyAPI.swift in Sources */ = {isa = PBXBuildFile; fileRef = 7ABDF4C628D4A0DB0084A590 /* KeyAPI.swift */; };
		7AC4B30C28D8B9A80040FEB7 /* Results.swift in Sources */ = {isa = PBXBuildFile; fileRef = 7AC4B30B28D8B9A80040FEB7 /* Results.swift */; };
		7AC4B30E28D8BA260040FEB7 /* APICharacterData.swift in Sources */ = {isa = PBXBuildFile; fileRef = 7AC4B30D28D8BA260040FEB7 /* APICharacterData.swift */; };
		7AC4B31028D8C0C80040FEB7 /* Thumbnail.swift in Sources */ = {isa = PBXBuildFile; fileRef = 7AC4B30F28D8C0C80040FEB7 /* Thumbnail.swift */; };
		7AC8664B28D229FE00669146 /* AppDelegate.swift in Sources */ = {isa = PBXBuildFile; fileRef = 7AC8664A28D229FE00669146 /* AppDelegate.swift */; };
		7AC8664D28D229FE00669146 /* SceneDelegate.swift in Sources */ = {isa = PBXBuildFile; fileRef = 7AC8664C28D229FE00669146 /* SceneDelegate.swift */; };
		7AC8664F28D229FE00669146 /* ViewController.swift in Sources */ = {isa = PBXBuildFile; fileRef = 7AC8664E28D229FE00669146 /* ViewController.swift */; };
		7AC8665428D229FF00669146 /* Assets.xcassets in Resources */ = {isa = PBXBuildFile; fileRef = 7AC8665328D229FF00669146 /* Assets.xcassets */; };
		7AC8665728D229FF00669146 /* LaunchScreen.storyboard in Resources */ = {isa = PBXBuildFile; fileRef = 7AC8665528D229FF00669146 /* LaunchScreen.storyboard */; };
		7AC8666228D22A0000669146 /* MarvelTests.swift in Sources */ = {isa = PBXBuildFile; fileRef = 7AC8666128D22A0000669146 /* MarvelTests.swift */; };
		7AC8666C28D22A0000669146 /* MarvelUITests.swift in Sources */ = {isa = PBXBuildFile; fileRef = 7AC8666B28D22A0000669146 /* MarvelUITests.swift */; };
		7AC8666E28D22A0000669146 /* MarvelUITestsLaunchTests.swift in Sources */ = {isa = PBXBuildFile; fileRef = 7AC8666D28D22A0000669146 /* MarvelUITestsLaunchTests.swift */; };
		7AC8668128D22D2600669146 /* CharactersCellViewCode.swift in Sources */ = {isa = PBXBuildFile; fileRef = 7AC8668028D22D2600669146 /* CharactersCellViewCode.swift */; };
		7AC8668528D23DC300669146 /* Character.swift in Sources */ = {isa = PBXBuildFile; fileRef = 7AC8668428D23DC300669146 /* Character.swift */; };
		7AC8668728D23F3F00669146 /* HomeViewCode.swift in Sources */ = {isa = PBXBuildFile; fileRef = 7AC8668628D23F3F00669146 /* HomeViewCode.swift */; };
/* End PBXBuildFile section */

/* Begin PBXContainerItemProxy section */
		7AC8665E28D22A0000669146 /* PBXContainerItemProxy */ = {
			isa = PBXContainerItemProxy;
			containerPortal = 7AC8663F28D229FD00669146 /* Project object */;
			proxyType = 1;
			remoteGlobalIDString = 7AC8664628D229FE00669146;
			remoteInfo = Marvel;
		};
		7AC8666828D22A0000669146 /* PBXContainerItemProxy */ = {
			isa = PBXContainerItemProxy;
			containerPortal = 7AC8663F28D229FD00669146 /* Project object */;
			proxyType = 1;
			remoteGlobalIDString = 7AC8664628D229FE00669146;
			remoteInfo = Marvel;
		};
/* End PBXContainerItemProxy section */

/* Begin PBXFileReference section */
		7AB72BD828D9F41300807668 /* DetailsViewController.swift */ = {isa = PBXFileReference; lastKnownFileType = sourcecode.swift; path = DetailsViewController.swift; sourceTree = "<group>"; };
		7AB72BDA28D9F42400807668 /* DetailViewCode.swift */ = {isa = PBXFileReference; lastKnownFileType = sourcecode.swift; path = DetailViewCode.swift; sourceTree = "<group>"; };
		7ABA322428D37D5100D91272 /* Main.storyboard */ = {isa = PBXFileReference; lastKnownFileType = file.storyboard; path = Main.storyboard; sourceTree = "<group>"; };
		7ABDF4C628D4A0DB0084A590 /* KeyAPI.swift */ = {isa = PBXFileReference; lastKnownFileType = sourcecode.swift; path = KeyAPI.swift; sourceTree = "<group>"; };
		7AC4B30B28D8B9A80040FEB7 /* Results.swift */ = {isa = PBXFileReference; lastKnownFileType = sourcecode.swift; path = Results.swift; sourceTree = "<group>"; };
		7AC4B30D28D8BA260040FEB7 /* APICharacterData.swift */ = {isa = PBXFileReference; lastKnownFileType = sourcecode.swift; path = APICharacterData.swift; sourceTree = "<group>"; };
		7AC4B30F28D8C0C80040FEB7 /* Thumbnail.swift */ = {isa = PBXFileReference; lastKnownFileType = sourcecode.swift; path = Thumbnail.swift; sourceTree = "<group>"; };
		7AC8664728D229FE00669146 /* Marvel.app */ = {isa = PBXFileReference; explicitFileType = wrapper.application; includeInIndex = 0; path = Marvel.app; sourceTree = BUILT_PRODUCTS_DIR; };
		7AC8664A28D229FE00669146 /* AppDelegate.swift */ = {isa = PBXFileReference; lastKnownFileType = sourcecode.swift; path = AppDelegate.swift; sourceTree = "<group>"; };
		7AC8664C28D229FE00669146 /* SceneDelegate.swift */ = {isa = PBXFileReference; lastKnownFileType = sourcecode.swift; path = SceneDelegate.swift; sourceTree = "<group>"; };
		7AC8664E28D229FE00669146 /* ViewController.swift */ = {isa = PBXFileReference; lastKnownFileType = sourcecode.swift; path = ViewController.swift; sourceTree = "<group>"; };
		7AC8665328D229FF00669146 /* Assets.xcassets */ = {isa = PBXFileReference; lastKnownFileType = folder.assetcatalog; path = Assets.xcassets; sourceTree = "<group>"; };
		7AC8665628D229FF00669146 /* Base */ = {isa = PBXFileReference; lastKnownFileType = file.storyboard; name = Base; path = Base.lproj/LaunchScreen.storyboard; sourceTree = "<group>"; };
		7AC8665828D229FF00669146 /* Info.plist */ = {isa = PBXFileReference; lastKnownFileType = text.plist.xml; path = Info.plist; sourceTree = "<group>"; };
		7AC8665D28D22A0000669146 /* MarvelTests.xctest */ = {isa = PBXFileReference; explicitFileType = wrapper.cfbundle; includeInIndex = 0; path = MarvelTests.xctest; sourceTree = BUILT_PRODUCTS_DIR; };
		7AC8666128D22A0000669146 /* MarvelTests.swift */ = {isa = PBXFileReference; lastKnownFileType = sourcecode.swift; path = MarvelTests.swift; sourceTree = "<group>"; };
		7AC8666728D22A0000669146 /* MarvelUITests.xctest */ = {isa = PBXFileReference; explicitFileType = wrapper.cfbundle; includeInIndex = 0; path = MarvelUITests.xctest; sourceTree = BUILT_PRODUCTS_DIR; };
		7AC8666B28D22A0000669146 /* MarvelUITests.swift */ = {isa = PBXFileReference; lastKnownFileType = sourcecode.swift; path = MarvelUITests.swift; sourceTree = "<group>"; };
		7AC8666D28D22A0000669146 /* MarvelUITestsLaunchTests.swift */ = {isa = PBXFileReference; lastKnownFileType = sourcecode.swift; path = MarvelUITestsLaunchTests.swift; sourceTree = "<group>"; };
		7AC8668028D22D2600669146 /* CharactersCellViewCode.swift */ = {isa = PBXFileReference; lastKnownFileType = sourcecode.swift; path = CharactersCellViewCode.swift; sourceTree = "<group>"; };
		7AC8668428D23DC300669146 /* Character.swift */ = {isa = PBXFileReference; lastKnownFileType = sourcecode.swift; path = Character.swift; sourceTree = "<group>"; };
		7AC8668628D23F3F00669146 /* HomeViewCode.swift */ = {isa = PBXFileReference; lastKnownFileType = sourcecode.swift; path = HomeViewCode.swift; sourceTree = "<group>"; };
/* End PBXFileReference section */

/* Begin PBXFrameworksBuildPhase section */
		7AC8664428D229FE00669146 /* Frameworks */ = {
			isa = PBXFrameworksBuildPhase;
			buildActionMask = 2147483647;
			files = (
			);
			runOnlyForDeploymentPostprocessing = 0;
		};
		7AC8665A28D22A0000669146 /* Frameworks */ = {
			isa = PBXFrameworksBuildPhase;
			buildActionMask = 2147483647;
			files = (
			);
			runOnlyForDeploymentPostprocessing = 0;
		};
		7AC8666428D22A0000669146 /* Frameworks */ = {
			isa = PBXFrameworksBuildPhase;
			buildActionMask = 2147483647;
			files = (
			);
			runOnlyForDeploymentPostprocessing = 0;
		};
/* End PBXFrameworksBuildPhase section */

/* Begin PBXGroup section */
		7AC8663E28D229FD00669146 = {
			isa = PBXGroup;
			children = (
				7AC8664928D229FE00669146 /* Marvel */,
				7AC8666028D22A0000669146 /* MarvelTests */,
				7AC8666A28D22A0000669146 /* MarvelUITests */,
				7AC8664828D229FE00669146 /* Products */,
			);
			sourceTree = "<group>";
		};
		7AC8664828D229FE00669146 /* Products */ = {
			isa = PBXGroup;
			children = (
				7AC8664728D229FE00669146 /* Marvel.app */,
				7AC8665D28D22A0000669146 /* MarvelTests.xctest */,
				7AC8666728D22A0000669146 /* MarvelUITests.xctest */,
			);
			name = Products;
			sourceTree = "<group>";
		};
		7AC8664928D229FE00669146 /* Marvel */ = {
			isa = PBXGroup;
			children = (
				7AC8667E28D22A5E00669146 /* Model */,
				7AC8667A28D22A1600669146 /* AppDelegate */,
				7AC8667B28D22A2900669146 /* View */,
				7AC8665328D229FF00669146 /* Assets.xcassets */,
				7AC8665528D229FF00669146 /* LaunchScreen.storyboard */,
				7AC8665828D229FF00669146 /* Info.plist */,
				7ABDF4C628D4A0DB0084A590 /* KeyAPI.swift */,
			);
			path = Marvel;
			sourceTree = "<group>";
		};
		7AC8666028D22A0000669146 /* MarvelTests */ = {
			isa = PBXGroup;
			children = (
				7AC8666128D22A0000669146 /* MarvelTests.swift */,
			);
			path = MarvelTests;
			sourceTree = "<group>";
		};
		7AC8666A28D22A0000669146 /* MarvelUITests */ = {
			isa = PBXGroup;
			children = (
				7AC8666B28D22A0000669146 /* MarvelUITests.swift */,
				7AC8666D28D22A0000669146 /* MarvelUITestsLaunchTests.swift */,
			);
			path = MarvelUITests;
			sourceTree = "<group>";
		};
		7AC8667A28D22A1600669146 /* AppDelegate */ = {
			isa = PBXGroup;
			children = (
				7AC8664A28D229FE00669146 /* AppDelegate.swift */,
				7AC8664C28D229FE00669146 /* SceneDelegate.swift */,
			);
			path = AppDelegate;
			sourceTree = "<group>";
		};
		7AC8667B28D22A2900669146 /* View */ = {
			isa = PBXGroup;
			children = (
				7AC8667F28D22D0600669146 /* Celulas */,
				7AC8667D28D22A4B00669146 /* Details */,
				7AC8667C28D22A4400669146 /* Home */,
			);
			path = View;
			sourceTree = "<group>";
		};
		7AC8667C28D22A4400669146 /* Home */ = {
			isa = PBXGroup;
			children = (
				7AC8664E28D229FE00669146 /* ViewController.swift */,
				7AC8668628D23F3F00669146 /* HomeViewCode.swift */,
				7ABA322428D37D5100D91272 /* Main.storyboard */,
			);
			path = Home;
			sourceTree = "<group>";
		};
		7AC8667D28D22A4B00669146 /* Details */ = {
			isa = PBXGroup;
			children = (
				7AB72BD828D9F41300807668 /* DetailsViewController.swift */,
				7AB72BDA28D9F42400807668 /* DetailViewCode.swift */,
			);
			path = Details;
			sourceTree = "<group>";
		};
		7AC8667E28D22A5E00669146 /* Model */ = {
			isa = PBXGroup;
			children = (
				7AC8668428D23DC300669146 /* Character.swift */,
				7AC4B30B28D8B9A80040FEB7 /* Results.swift */,
				7AC4B30D28D8BA260040FEB7 /* APICharacterData.swift */,
				7AC4B30F28D8C0C80040FEB7 /* Thumbnail.swift */,
			);
			path = Model;
			sourceTree = "<group>";
		};
		7AC8667F28D22D0600669146 /* Celulas */ = {
			isa = PBXGroup;
			children = (
				7AC8668028D22D2600669146 /* CharactersCellViewCode.swift */,
			);
			path = Celulas;
			sourceTree = "<group>";
		};
/* End PBXGroup section */

/* Begin PBXNativeTarget section */
		7AC8664628D229FE00669146 /* Marvel */ = {
			isa = PBXNativeTarget;
			buildConfigurationList = 7AC8667128D22A0000669146 /* Build configuration list for PBXNativeTarget "Marvel" */;
			buildPhases = (
				7AC8664328D229FE00669146 /* Sources */,
				7AC8664428D229FE00669146 /* Frameworks */,
				7AC8664528D229FE00669146 /* Resources */,
			);
			buildRules = (
			);
			dependencies = (
			);
			name = Marvel;
			productName = Marvel;
			productReference = 7AC8664728D229FE00669146 /* Marvel.app */;
			productType = "com.apple.product-type.application";
		};
		7AC8665C28D22A0000669146 /* MarvelTests */ = {
			isa = PBXNativeTarget;
			buildConfigurationList = 7AC8667428D22A0000669146 /* Build configuration list for PBXNativeTarget "MarvelTests" */;
			buildPhases = (
				7AC8665928D22A0000669146 /* Sources */,
				7AC8665A28D22A0000669146 /* Frameworks */,
				7AC8665B28D22A0000669146 /* Resources */,
			);
			buildRules = (
			);
			dependencies = (
				7AC8665F28D22A0000669146 /* PBXTargetDependency */,
			);
			name = MarvelTests;
			productName = MarvelTests;
			productReference = 7AC8665D28D22A0000669146 /* MarvelTests.xctest */;
			productType = "com.apple.product-type.bundle.unit-test";
		};
		7AC8666628D22A0000669146 /* MarvelUITests */ = {
			isa = PBXNativeTarget;
			buildConfigurationList = 7AC8667728D22A0000669146 /* Build configuration list for PBXNativeTarget "MarvelUITests" */;
			buildPhases = (
				7AC8666328D22A0000669146 /* Sources */,
				7AC8666428D22A0000669146 /* Frameworks */,
				7AC8666528D22A0000669146 /* Resources */,
			);
			buildRules = (
			);
			dependencies = (
				7AC8666928D22A0000669146 /* PBXTargetDependency */,
			);
			name = MarvelUITests;
			productName = MarvelUITests;
			productReference = 7AC8666728D22A0000669146 /* MarvelUITests.xctest */;
			productType = "com.apple.product-type.bundle.ui-testing";
		};
/* End PBXNativeTarget section */

/* Begin PBXProject section */
		7AC8663F28D229FD00669146 /* Project object */ = {
			isa = PBXProject;
			attributes = {
				BuildIndependentTargetsInParallel = 1;
				LastSwiftUpdateCheck = 1340;
				LastUpgradeCheck = 1340;
				TargetAttributes = {
					7AC8664628D229FE00669146 = {
						CreatedOnToolsVersion = 13.4.1;
					};
					7AC8665C28D22A0000669146 = {
						CreatedOnToolsVersion = 13.4.1;
						TestTargetID = 7AC8664628D229FE00669146;
					};
					7AC8666628D22A0000669146 = {
						CreatedOnToolsVersion = 13.4.1;
						TestTargetID = 7AC8664628D229FE00669146;
					};
				};
			};
			buildConfigurationList = 7AC8664228D229FD00669146 /* Build configuration list for PBXProject "Marvel" */;
			compatibilityVersion = "Xcode 13.0";
			developmentRegion = en;
			hasScannedForEncodings = 0;
			knownRegions = (
				en,
				Base,
			);
			mainGroup = 7AC8663E28D229FD00669146;
			productRefGroup = 7AC8664828D229FE00669146 /* Products */;
			projectDirPath = "";
			projectRoot = "";
			targets = (
				7AC8664628D229FE00669146 /* Marvel */,
				7AC8665C28D22A0000669146 /* MarvelTests */,
				7AC8666628D22A0000669146 /* MarvelUITests */,
			);
		};
/* End PBXProject section */

/* Begin PBXResourcesBuildPhase section */
		7AC8664528D229FE00669146 /* Resources */ = {
			isa = PBXResourcesBuildPhase;
			buildActionMask = 2147483647;
			files = (
				7ABA322528D37D5100D91272 /* Main.storyboard in Resources */,
				7AC8665728D229FF00669146 /* LaunchScreen.storyboard in Resources */,
				7AC8665428D229FF00669146 /* Assets.xcassets in Resources */,
			);
			runOnlyForDeploymentPostprocessing = 0;
		};
		7AC8665B28D22A0000669146 /* Resources */ = {
			isa = PBXResourcesBuildPhase;
			buildActionMask = 2147483647;
			files = (
			);
			runOnlyForDeploymentPostprocessing = 0;
		};
		7AC8666528D22A0000669146 /* Resources */ = {
			isa = PBXResourcesBuildPhase;
			buildActionMask = 2147483647;
			files = (
			);
			runOnlyForDeploymentPostprocessing = 0;
		};
/* End PBXResourcesBuildPhase section */

/* Begin PBXSourcesBuildPhase section */
		7AC8664328D229FE00669146 /* Sources */ = {
			isa = PBXSourcesBuildPhase;
			buildActionMask = 2147483647;
			files = (
				7AB72BDB28D9F42400807668 /* DetailViewCode.swift in Sources */,
				7AC8664F28D229FE00669146 /* ViewController.swift in Sources */,
				7AC8668128D22D2600669146 /* CharactersCellViewCode.swift in Sources */,
				7AC4B30E28D8BA260040FEB7 /* APICharacterData.swift in Sources */,
				7AB72BD928D9F41300807668 /* DetailsViewController.swift in Sources */,
				7AC4B30C28D8B9A80040FEB7 /* Results.swift in Sources */,
				7AC8664B28D229FE00669146 /* AppDelegate.swift in Sources */,
				7AC8668728D23F3F00669146 /* HomeViewCode.swift in Sources */,
				7AC8668528D23DC300669146 /* Character.swift in Sources */,
				7ABDF4C728D4A0DB0084A590 /* KeyAPI.swift in Sources */,
				7AC4B31028D8C0C80040FEB7 /* Thumbnail.swift in Sources */,
				7AC8664D28D229FE00669146 /* SceneDelegate.swift in Sources */,
			);
			runOnlyForDeploymentPostprocessing = 0;
		};
		7AC8665928D22A0000669146 /* Sources */ = {
			isa = PBXSourcesBuildPhase;
			buildActionMask = 2147483647;
			files = (
				7AC8666228D22A0000669146 /* MarvelTests.swift in Sources */,
			);
			runOnlyForDeploymentPostprocessing = 0;
		};
		7AC8666328D22A0000669146 /* Sources */ = {
			isa = PBXSourcesBuildPhase;
			buildActionMask = 2147483647;
			files = (
				7AC8666C28D22A0000669146 /* MarvelUITests.swift in Sources */,
				7AC8666E28D22A0000669146 /* MarvelUITestsLaunchTests.swift in Sources */,
			);
			runOnlyForDeploymentPostprocessing = 0;
		};
/* End PBXSourcesBuildPhase section */

/* Begin PBXTargetDependency section */
		7AC8665F28D22A0000669146 /* PBXTargetDependency */ = {
			isa = PBXTargetDependency;
			target = 7AC8664628D229FE00669146 /* Marvel */;
			targetProxy = 7AC8665E28D22A0000669146 /* PBXContainerItemProxy */;
		};
		7AC8666928D22A0000669146 /* PBXTargetDependency */ = {
			isa = PBXTargetDependency;
			target = 7AC8664628D229FE00669146 /* Marvel */;
			targetProxy = 7AC8666828D22A0000669146 /* PBXContainerItemProxy */;
		};
/* End PBXTargetDependency section */

/* Begin PBXVariantGroup section */
		7AC8665528D229FF00669146 /* LaunchScreen.storyboard */ = {
			isa = PBXVariantGroup;
			children = (
				7AC8665628D229FF00669146 /* Base */,
			);
			name = LaunchScreen.storyboard;
			sourceTree = "<group>";
		};
/* End PBXVariantGroup section */

/* Begin XCBuildConfiguration section */
		7AC8666F28D22A0000669146 /* Debug */ = {
			isa = XCBuildConfiguration;
			buildSettings = {
				ALWAYS_SEARCH_USER_PATHS = NO;
				CLANG_ANALYZER_NONNULL = YES;
				CLANG_ANALYZER_NUMBER_OBJECT_CONVERSION = YES_AGGRESSIVE;
				CLANG_CXX_LANGUAGE_STANDARD = "gnu++17";
				CLANG_ENABLE_MODULES = YES;
				CLANG_ENABLE_OBJC_ARC = YES;
				CLANG_ENABLE_OBJC_WEAK = YES;
				CLANG_WARN_BLOCK_CAPTURE_AUTORELEASING = YES;
				CLANG_WARN_BOOL_CONVERSION = YES;
				CLANG_WARN_COMMA = YES;
				CLANG_WARN_CONSTANT_CONVERSION = YES;
				CLANG_WARN_DEPRECATED_OBJC_IMPLEMENTATIONS = YES;
				CLANG_WARN_DIRECT_OBJC_ISA_USAGE = YES_ERROR;
				CLANG_WARN_DOCUMENTATION_COMMENTS = YES;
				CLANG_WARN_EMPTY_BODY = YES;
				CLANG_WARN_ENUM_CONVERSION = YES;
				CLANG_WARN_INFINITE_RECURSION = YES;
				CLANG_WARN_INT_CONVERSION = YES;
				CLANG_WARN_NON_LITERAL_NULL_CONVERSION = YES;
				CLANG_WARN_OBJC_IMPLICIT_RETAIN_SELF = YES;
				CLANG_WARN_OBJC_LITERAL_CONVERSION = YES;
				CLANG_WARN_OBJC_ROOT_CLASS = YES_ERROR;
				CLANG_WARN_QUOTED_INCLUDE_IN_FRAMEWORK_HEADER = YES;
				CLANG_WARN_RANGE_LOOP_ANALYSIS = YES;
				CLANG_WARN_STRICT_PROTOTYPES = YES;
				CLANG_WARN_SUSPICIOUS_MOVE = YES;
				CLANG_WARN_UNGUARDED_AVAILABILITY = YES_AGGRESSIVE;
				CLANG_WARN_UNREACHABLE_CODE = YES;
				CLANG_WARN__DUPLICATE_METHOD_MATCH = YES;
				COPY_PHASE_STRIP = NO;
				DEBUG_INFORMATION_FORMAT = dwarf;
				ENABLE_STRICT_OBJC_MSGSEND = YES;
				ENABLE_TESTABILITY = YES;
				GCC_C_LANGUAGE_STANDARD = gnu11;
				GCC_DYNAMIC_NO_PIC = NO;
				GCC_NO_COMMON_BLOCKS = YES;
				GCC_OPTIMIZATION_LEVEL = 0;
				GCC_PREPROCESSOR_DEFINITIONS = (
					"DEBUG=1",
					"$(inherited)",
				);
				GCC_WARN_64_TO_32_BIT_CONVERSION = YES;
				GCC_WARN_ABOUT_RETURN_TYPE = YES_ERROR;
				GCC_WARN_UNDECLARED_SELECTOR = YES;
				GCC_WARN_UNINITIALIZED_AUTOS = YES_AGGRESSIVE;
				GCC_WARN_UNUSED_FUNCTION = YES;
				GCC_WARN_UNUSED_VARIABLE = YES;
				IPHONEOS_DEPLOYMENT_TARGET = 15.5;
				MTL_ENABLE_DEBUG_INFO = INCLUDE_SOURCE;
				MTL_FAST_MATH = YES;
				ONLY_ACTIVE_ARCH = YES;
				SDKROOT = iphoneos;
				SWIFT_ACTIVE_COMPILATION_CONDITIONS = DEBUG;
				SWIFT_OPTIMIZATION_LEVEL = "-Onone";
			};
			name = Debug;
		};
		7AC8667028D22A0000669146 /* Release */ = {
			isa = XCBuildConfiguration;
			buildSettings = {
				ALWAYS_SEARCH_USER_PATHS = NO;
				CLANG_ANALYZER_NONNULL = YES;
				CLANG_ANALYZER_NUMBER_OBJECT_CONVERSION = YES_AGGRESSIVE;
				CLANG_CXX_LANGUAGE_STANDARD = "gnu++17";
				CLANG_ENABLE_MODULES = YES;
				CLANG_ENABLE_OBJC_ARC = YES;
				CLANG_ENABLE_OBJC_WEAK = YES;
				CLANG_WARN_BLOCK_CAPTURE_AUTORELEASING = YES;
				CLANG_WARN_BOOL_CONVERSION = YES;
				CLANG_WARN_COMMA = YES;
				CLANG_WARN_CONSTANT_CONVERSION = YES;
				CLANG_WARN_DEPRECATED_OBJC_IMPLEMENTATIONS = YES;
				CLANG_WARN_DIRECT_OBJC_ISA_USAGE = YES_ERROR;
				CLANG_WARN_DOCUMENTATION_COMMENTS = YES;
				CLANG_WARN_EMPTY_BODY = YES;
				CLANG_WARN_ENUM_CONVERSION = YES;
				CLANG_WARN_INFINITE_RECURSION = YES;
				CLANG_WARN_INT_CONVERSION = YES;
				CLANG_WARN_NON_LITERAL_NULL_CONVERSION = YES;
				CLANG_WARN_OBJC_IMPLICIT_RETAIN_SELF = YES;
				CLANG_WARN_OBJC_LITERAL_CONVERSION = YES;
				CLANG_WARN_OBJC_ROOT_CLASS = YES_ERROR;
				CLANG_WARN_QUOTED_INCLUDE_IN_FRAMEWORK_HEADER = YES;
				CLANG_WARN_RANGE_LOOP_ANALYSIS = YES;
				CLANG_WARN_STRICT_PROTOTYPES = YES;
				CLANG_WARN_SUSPICIOUS_MOVE = YES;
				CLANG_WARN_UNGUARDED_AVAILABILITY = YES_AGGRESSIVE;
				CLANG_WARN_UNREACHABLE_CODE = YES;
				CLANG_WARN__DUPLICATE_METHOD_MATCH = YES;
				COPY_PHASE_STRIP = NO;
				DEBUG_INFORMATION_FORMAT = "dwarf-with-dsym";
				ENABLE_NS_ASSERTIONS = NO;
				ENABLE_STRICT_OBJC_MSGSEND = YES;
				GCC_C_LANGUAGE_STANDARD = gnu11;
				GCC_NO_COMMON_BLOCKS = YES;
				GCC_WARN_64_TO_32_BIT_CONVERSION = YES;
				GCC_WARN_ABOUT_RETURN_TYPE = YES_ERROR;
				GCC_WARN_UNDECLARED_SELECTOR = YES;
				GCC_WARN_UNINITIALIZED_AUTOS = YES_AGGRESSIVE;
				GCC_WARN_UNUSED_FUNCTION = YES;
				GCC_WARN_UNUSED_VARIABLE = YES;
				IPHONEOS_DEPLOYMENT_TARGET = 15.5;
				MTL_ENABLE_DEBUG_INFO = NO;
				MTL_FAST_MATH = YES;
				SDKROOT = iphoneos;
				SWIFT_COMPILATION_MODE = wholemodule;
				SWIFT_OPTIMIZATION_LEVEL = "-O";
				VALIDATE_PRODUCT = YES;
			};
			name = Release;
		};
		7AC8667228D22A0000669146 /* Debug */ = {
			isa = XCBuildConfiguration;
			buildSettings = {
				ASSETCATALOG_COMPILER_APPICON_NAME = AppIcon;
				ASSETCATALOG_COMPILER_GLOBAL_ACCENT_COLOR_NAME = AccentColor;
				CODE_SIGN_STYLE = Automatic;
				CURRENT_PROJECT_VERSION = 1;
				GENERATE_INFOPLIST_FILE = YES;
				INFOPLIST_FILE = Marvel/Info.plist;
				INFOPLIST_KEY_UIApplicationSupportsIndirectInputEvents = YES;
				INFOPLIST_KEY_UILaunchStoryboardName = LaunchScreen;
				INFOPLIST_KEY_UIMainStoryboardFile = Main;
				INFOPLIST_KEY_UISupportedInterfaceOrientations_iPad = "UIInterfaceOrientationPortrait UIInterfaceOrientationPortraitUpsideDown UIInterfaceOrientationLandscapeLeft UIInterfaceOrientationLandscapeRight";
				INFOPLIST_KEY_UISupportedInterfaceOrientations_iPhone = "UIInterfaceOrientationPortrait UIInterfaceOrientationLandscapeLeft UIInterfaceOrientationLandscapeRight";
				LD_RUNPATH_SEARCH_PATHS = (
					"$(inherited)",
					"@executable_path/Frameworks",
				);
				MARKETING_VERSION = 1.0;
				PRODUCT_BUNDLE_IDENTIFIER = estudos.Marvel;
				PRODUCT_NAME = "$(TARGET_NAME)";
				SWIFT_EMIT_LOC_STRINGS = YES;
				SWIFT_VERSION = 5.0;
				TARGETED_DEVICE_FAMILY = "1,2";
			};
			name = Debug;
		};
		7AC8667328D22A0000669146 /* Release */ = {
			isa = XCBuildConfiguration;
			buildSettings = {
				ASSETCATALOG_COMPILER_APPICON_NAME = AppIcon;
				ASSETCATALOG_COMPILER_GLOBAL_ACCENT_COLOR_NAME = AccentColor;
				CODE_SIGN_STYLE = Automatic;
				CURRENT_PROJECT_VERSION = 1;
				GENERATE_INFOPLIST_FILE = YES;
				INFOPLIST_FILE = Marvel/Info.plist;
				INFOPLIST_KEY_UIApplicationSupportsIndirectInputEvents = YES;
				INFOPLIST_KEY_UILaunchStoryboardName = LaunchScreen;
				INFOPLIST_KEY_UIMainStoryboardFile = Main;
				INFOPLIST_KEY_UISupportedInterfaceOrientations_iPad = "UIInterfaceOrientationPortrait UIInterfaceOrientationPortraitUpsideDown UIInterfaceOrientationLandscapeLeft UIInterfaceOrientationLandscapeRight";
				INFOPLIST_KEY_UISupportedInterfaceOrientations_iPhone = "UIInterfaceOrientationPortrait UIInterfaceOrientationLandscapeLeft UIInterfaceOrientationLandscapeRight";
				LD_RUNPATH_SEARCH_PATHS = (
					"$(inherited)",
					"@executable_path/Frameworks",
				);
				MARKETING_VERSION = 1.0;
				PRODUCT_BUNDLE_IDENTIFIER = estudos.Marvel;
				PRODUCT_NAME = "$(TARGET_NAME)";
				SWIFT_EMIT_LOC_STRINGS = YES;
				SWIFT_VERSION = 5.0;
				TARGETED_DEVICE_FAMILY = "1,2";
			};
			name = Release;
		};
		7AC8667528D22A0000669146 /* Debug */ = {
			isa = XCBuildConfiguration;
			buildSettings = {
				ALWAYS_EMBED_SWIFT_STANDARD_LIBRARIES = YES;
				BUNDLE_LOADER = "$(TEST_HOST)";
				CODE_SIGN_STYLE = Automatic;
				CURRENT_PROJECT_VERSION = 1;
				GENERATE_INFOPLIST_FILE = YES;
				IPHONEOS_DEPLOYMENT_TARGET = 15.5;
				MARKETING_VERSION = 1.0;
				PRODUCT_BUNDLE_IDENTIFIER = estudos.MarvelTests;
				PRODUCT_NAME = "$(TARGET_NAME)";
				SWIFT_EMIT_LOC_STRINGS = NO;
				SWIFT_VERSION = 5.0;
				TARGETED_DEVICE_FAMILY = "1,2";
				TEST_HOST = "$(BUILT_PRODUCTS_DIR)/Marvel.app/Marvel";
			};
			name = Debug;
		};
		7AC8667628D22A0000669146 /* Release */ = {
			isa = XCBuildConfiguration;
			buildSettings = {
				ALWAYS_EMBED_SWIFT_STANDARD_LIBRARIES = YES;
				BUNDLE_LOADER = "$(TEST_HOST)";
				CODE_SIGN_STYLE = Automatic;
				CURRENT_PROJECT_VERSION = 1;
				GENERATE_INFOPLIST_FILE = YES;
				IPHONEOS_DEPLOYMENT_TARGET = 15.5;
				MARKETING_VERSION = 1.0;
				PRODUCT_BUNDLE_IDENTIFIER = estudos.MarvelTests;
				PRODUCT_NAME = "$(TARGET_NAME)";
				SWIFT_EMIT_LOC_STRINGS = NO;
				SWIFT_VERSION = 5.0;
				TARGETED_DEVICE_FAMILY = "1,2";
				TEST_HOST = "$(BUILT_PRODUCTS_DIR)/Marvel.app/Marvel";
			};
			name = Release;
		};
		7AC8667828D22A0000669146 /* Debug */ = {
			isa = XCBuildConfiguration;
			buildSettings = {
				ALWAYS_EMBED_SWIFT_STANDARD_LIBRARIES = YES;
				CODE_SIGN_STYLE = Automatic;
				CURRENT_PROJECT_VERSION = 1;
				GENERATE_INFOPLIST_FILE = YES;
				MARKETING_VERSION = 1.0;
				PRODUCT_BUNDLE_IDENTIFIER = estudos.MarvelUITests;
				PRODUCT_NAME = "$(TARGET_NAME)";
				SWIFT_EMIT_LOC_STRINGS = NO;
				SWIFT_VERSION = 5.0;
				TARGETED_DEVICE_FAMILY = "1,2";
				TEST_TARGET_NAME = Marvel;
			};
			name = Debug;
		};
		7AC8667928D22A0000669146 /* Release */ = {
			isa = XCBuildConfiguration;
			buildSettings = {
				ALWAYS_EMBED_SWIFT_STANDARD_LIBRARIES = YES;
				CODE_SIGN_STYLE = Automatic;
				CURRENT_PROJECT_VERSION = 1;
				GENERATE_INFOPLIST_FILE = YES;
				MARKETING_VERSION = 1.0;
				PRODUCT_BUNDLE_IDENTIFIER = estudos.MarvelUITests;
				PRODUCT_NAME = "$(TARGET_NAME)";
				SWIFT_EMIT_LOC_STRINGS = NO;
				SWIFT_VERSION = 5.0;
				TARGETED_DEVICE_FAMILY = "1,2";
				TEST_TARGET_NAME = Marvel;
			};
			name = Release;
		};
/* End XCBuildConfiguration section */

/* Begin XCConfigurationList section */
		7AC8664228D229FD00669146 /* Build configuration list for PBXProject "Marvel" */ = {
			isa = XCConfigurationList;
			buildConfigurations = (
				7AC8666F28D22A0000669146 /* Debug */,
				7AC8667028D22A0000669146 /* Release */,
			);
			defaultConfigurationIsVisible = 0;
			defaultConfigurationName = Release;
		};
		7AC8667128D22A0000669146 /* Build configuration list for PBXNativeTarget "Marvel" */ = {
			isa = XCConfigurationList;
			buildConfigurations = (
				7AC8667228D22A0000669146 /* Debug */,
				7AC8667328D22A0000669146 /* Release */,
			);
			defaultConfigurationIsVisible = 0;
			defaultConfigurationName = Release;
		};
		7AC8667428D22A0000669146 /* Build configuration list for PBXNativeTarget "MarvelTests" */ = {
			isa = XCConfigurationList;
			buildConfigurations = (
				7AC8667528D22A0000669146 /* Debug */,
				7AC8667628D22A0000669146 /* Release */,
			);
			defaultConfigurationIsVisible = 0;
			defaultConfigurationName = Release;
		};
		7AC8667728D22A0000669146 /* Build configuration list for PBXNativeTarget "MarvelUITests" */ = {
			isa = XCConfigurationList;
			buildConfigurations = (
				7AC8667828D22A0000669146 /* Debug */,
				7AC8667928D22A0000669146 /* Release */,
			);
			defaultConfigurationIsVisible = 0;
			defaultConfigurationName = Release;
		};
/* End XCConfigurationList section */
	};
	rootObject = 7AC8663F28D229FD00669146 /* Project object */;
}
